
Microsoft Visual Studio Solution File, Format Version 12.00
# Visual Studio Version 16
VisualStudioVersion = 16.0.29215.179
MinimumVisualStudioVersion = 10.0.40219.1
Project("{FAE04EC0-301F-11D3-BF4B-00C04F79EFBC}") = "MMV", "MMV.csproj", "{54C8F0E6-474B-47AB-A9C4-1C69FA5B2D66}"
EndProject
Global
	GlobalSection(SolutionConfigurationPlatforms) = preSolution
		Debug|Any CPU = Debug|Any CPU
		Release|Any CPU = Release|Any CPU
	EndGlobalSection
	GlobalSection(ProjectConfigurationPlatforms) = postSolution
		{54C8F0E6-474B-47AB-A9C4-1C69FA5B2D66}.Debug|Any CPU.ActiveCfg = Debug|Any CPU
		{54C8F0E6-474B-47AB-A9C4-1C69FA5B2D66}.Debug|Any CPU.Build.0 = Debug|Any CPU
		{54C8F0E6-474B-47AB-A9C4-1C69FA5B2D66}.Release|Any CPU.ActiveCfg = Release|Any CPU
		{54C8F0E6-474B-47AB-A9C4-1C69FA5B2D66}.Release|Any CPU.Build.0 = Release|Any CPU
	EndGlobalSection
	GlobalSection(SolutionProperties) = preSolution
		HideSolutionNode = FALSE
	EndGlobalSection
	GlobalSection(ExtensibilityGlobals) = postSolution
		SolutionGuid = {9361A669-DE03-4708-BDB4-8782B04DB82E}
	EndGlobalSection
EndGlobal
